lockVersion: 2.0.0
id: 11fa8266-8454-49fd-ba7b-d5f8744980cc
management:
  docChecksum: 8d59fd068981c562cd8f340fce84d4d9
  docVersion: "1.1"
  speakeasyVersion: 1.295.1
  generationVersion: 2.335.5
  releaseVersion: 0.2.1
  configChecksum: 03894acda69737184256b4d6e4f21521
  repoURL: https://github.com/unclesp1d3r/cipherswarm-agent-sdk-go.git
  installationURL: https://github.com/unclesp1d3r/cipherswarm-agent-sdk-go
features:
  go:
    additionalDependencies: 0.1.0
    constsAndDefaults: 0.1.4
    core: 3.4.10
    downloadStreams: 0.1.1
    flattening: 2.81.1
    globalSecurity: 2.82.9
    globalSecurityCallbacks: 0.1.0
    globalSecurityFlattening: 0.1.0
    globalServerURLs: 2.82.2
    intellisenseMarkdownSupport: 0.1.0
    nullables: 0.1.0
    responseFormat: 0.1.2
    retries: 2.82.2
    sdkHooks: 0.1.0
generatedFiles:
  - agents.go
  - attacks.go
  - crackers.go
  - tasks.go
  - client.go
  - cipherswarmagentsdk.go
  - go.mod
  - models/sdkerrors/sdkerror.go
  - types/bigint.go
  - types/date.go
  - types/datetime.go
  - types/decimal.go
  - types/pointers.go
  - internal/utils/contenttype.go
  - internal/utils/form.go
  - internal/utils/headers.go
  - internal/utils/json.go
  - internal/utils/pathparams.go
  - internal/utils/queryparams.go
  - internal/utils/requestbody.go
  - internal/utils/retries.go
  - internal/utils/security.go
  - internal/utils/utils.go
  - /models/operations/getagent.go
  - /models/operations/updateagent.go
  - /models/operations/sendheartbeat.go
  - /models/operations/getagentlastbenchmarkdate.go
  - /models/operations/submitbenchmark.go
  - /models/operations/getattack.go
  - /models/operations/gethashlist.go
  - /models/operations/checkforcrackerupdate.go
  - /models/operations/getnewtask.go
  - /models/operations/gettask.go
  - /models/operations/sendcrack.go
  - /models/operations/sendstatus.go
  - /models/operations/settaskaccepted.go
  - /models/operations/settaskexhausted.go
  - /models/operations/settaskabandoned.go
  - /models/operations/getconfiguration.go
  - /models/operations/authenticate.go
  - /models/components/agent.go
  - /models/components/advancedagentconfiguration.go
  - /models/components/agentupdate.go
  - /models/components/agentlastbenchmark.go
  - /models/components/hashcatbenchmark.go
  - /models/components/attack.go
  - /models/components/attackresourcefile.go
  - /models/components/crackerupdate.go
  - /models/components/task.go
  - /models/components/hashcatresult.go
  - /models/components/taskstatus.go
  - /models/components/devicestatus.go
  - /models/components/hashcatguess.go
  - /models/components/agentconfiguration.go
  - /models/components/authenticationresult.go
  - /models/components/security.go
  - /models/sdkerrors/errorobject.go
  - /models/sdkerrors/stateerror.go
  - docs/models/operations/getagentrequest.md
  - docs/models/operations/getagentresponse.md
  - docs/models/operations/updateagentrequest.md
  - docs/models/operations/updateagentresponse.md
  - docs/models/operations/sendheartbeatrequest.md
  - docs/models/operations/sendheartbeatresponse.md
  - docs/models/operations/getagentlastbenchmarkdaterequest.md
  - docs/models/operations/getagentlastbenchmarkdateresponse.md
  - docs/models/operations/submitbenchmarkrequest.md
  - docs/models/operations/submitbenchmarkresponse.md
  - docs/models/operations/getattackrequest.md
  - docs/models/operations/getattackresponse.md
  - docs/models/operations/gethashlistrequest.md
  - docs/models/operations/gethashlistresponse.md
  - docs/models/operations/checkforcrackerupdaterequest.md
  - docs/models/operations/checkforcrackerupdateresponse.md
  - docs/models/operations/getnewtaskresponse.md
  - docs/models/operations/gettaskrequest.md
  - docs/models/operations/gettaskresponse.md
  - docs/models/operations/sendcrackrequest.md
  - docs/models/operations/sendcrackresponse.md
  - docs/models/operations/sendstatusrequest.md
  - docs/models/operations/sendstatusresponse.md
  - docs/models/operations/settaskacceptedrequest.md
  - docs/models/operations/settaskacceptedresponse.md
  - docs/models/operations/settaskexhaustedrequest.md
  - docs/models/operations/settaskexhaustedresponse.md
  - docs/models/operations/settaskabandonedrequest.md
  - docs/models/operations/settaskabandonedresponse.md
  - docs/models/operations/getconfigurationresponse.md
  - docs/models/operations/authenticateresponse.md
  - docs/models/components/agent.md
  - docs/models/components/advancedagentconfiguration.md
  - docs/models/components/agentupdate.md
  - docs/models/components/agentlastbenchmark.md
  - docs/models/components/hashcatbenchmark.md
  - docs/models/components/attackmode.md
  - docs/models/components/attack.md
  - docs/models/components/attackresourcefile.md
  - docs/models/components/crackerupdate.md
  - docs/models/components/task.md
  - docs/models/components/hashcatresult.md
  - docs/models/components/taskstatus.md
  - docs/models/components/devicetype.md
  - docs/models/components/devicestatus.md
  - docs/models/components/hashcatguess.md
  - docs/models/components/agentconfiguration.md
  - docs/models/components/authenticationresult.md
  - docs/models/components/security.md
  - docs/models/sdkerrors/errorobject.md
  - docs/models/sdkerrors/stateerror.md
  - docs/sdks/cipherswarmagentsdk/README.md
  - docs/models/operations/option.md
  - docs/sdks/agents/README.md
  - docs/sdks/attacks/README.md
  - docs/sdks/crackers/README.md
  - docs/sdks/tasks/README.md
  - docs/sdks/client/README.md
  - USAGE.md
  - models/operations/options.go
  - .gitattributes
  - internal/hooks/hooks.go
