lockVersion: 2.0.0
id: 11fa8266-8454-49fd-ba7b-d5f8744980cc
management:
  docChecksum: 117f6f7d0fceb406a8a3d400a775fa80
  docVersion: v1
  speakeasyVersion: 1.285.3
  generationVersion: 2.326.3
  releaseVersion: 0.1.5
  configChecksum: 1c3232531e4533db777433e6a2a4ec7d
features:
  go:
    additionalDependencies: 0.1.0
    constsAndDefaults: 0.1.4
    core: 3.4.7
    downloadStreams: 0.1.1
    flattening: 2.81.1
    globalSecurity: 2.82.9
    globalSecurityCallbacks: 0.1.0
    globalSecurityFlattening: 0.1.0
    globalServerURLs: 2.82.2
    intellisenseMarkdownSupport: 0.1.0
    nullables: 0.1.0
    responseFormat: 0.1.1
    retries: 2.82.2
    sdkHooks: 0.1.0
generatedFiles:
  - agents.go
  - attacks.go
  - crackers.go
  - tasks.go
  - client.go
  - cipherswarmagentsdk.go
  - go.mod
  - models/sdkerrors/sdkerror.go
  - types/bigint.go
  - types/date.go
  - types/datetime.go
  - types/decimal.go
  - types/pointers.go
  - internal/utils/contenttype.go
  - internal/utils/form.go
  - internal/utils/headers.go
  - internal/utils/json.go
  - internal/utils/pathparams.go
  - internal/utils/queryparams.go
  - internal/utils/requestbody.go
  - internal/utils/retries.go
  - internal/utils/security.go
  - internal/utils/utils.go
  - /models/operations/showagent.go
  - /models/operations/updateagent.go
  - /models/operations/heartbeatagent.go
  - /models/operations/lastbenchmarkagent.go
  - /models/operations/submitbenchmarkagent.go
  - /models/operations/showattack.go
  - /models/operations/hashlistattack.go
  - /models/operations/checkforcrackerupdate.go
  - /models/operations/newtask.go
  - /models/operations/showtask.go
  - /models/operations/submitcrack.go
  - /models/operations/submitstatus.go
  - /models/operations/accepttask.go
  - /models/operations/exhaustedtask.go
  - /models/operations/abandontask.go
  - /models/operations/configuration.go
  - /models/operations/authenticate.go
  - /models/components/agent.go
  - /models/components/advancedagentconfiguration.go
  - /models/components/agentupdate.go
  - /models/components/agentlastbenchmark.go
  - /models/components/hashcatbenchmark.go
  - /models/components/attack.go
  - /models/components/attackresourcefile.go
  - /models/components/crackerupdate.go
  - /models/components/task.go
  - /models/components/hashcatresult.go
  - /models/components/taskstatus.go
  - /models/components/devicestatus.go
  - /models/components/hashcatguess.go
  - /models/components/agentconfiguration.go
  - /models/components/authenticationresult.go
  - /models/components/security.go
  - /models/sdkerrors/errorobject.go
  - /models/sdkerrors/stateerror.go
  - docs/models/operations/showagentrequest.md
  - docs/models/operations/showagentresponse.md
  - docs/models/operations/updateagentrequest.md
  - docs/models/operations/updateagentresponse.md
  - docs/models/operations/heartbeatagentrequest.md
  - docs/models/operations/heartbeatagentresponse.md
  - docs/models/operations/lastbenchmarkagentrequest.md
  - docs/models/operations/lastbenchmarkagentresponse.md
  - docs/models/operations/submitbenchmarkagentrequest.md
  - docs/models/operations/submitbenchmarkagentresponse.md
  - docs/models/operations/showattackrequest.md
  - docs/models/operations/showattackresponse.md
  - docs/models/operations/hashlistattackrequest.md
  - docs/models/operations/hashlistattackresponse.md
  - docs/models/operations/checkforcrackerupdaterequest.md
  - docs/models/operations/checkforcrackerupdateresponse.md
  - docs/models/operations/newtaskresponse.md
  - docs/models/operations/showtaskrequest.md
  - docs/models/operations/showtaskresponse.md
  - docs/models/operations/submitcrackrequest.md
  - docs/models/operations/submitcrackresponse.md
  - docs/models/operations/submitstatusrequest.md
  - docs/models/operations/submitstatusresponse.md
  - docs/models/operations/accepttaskrequest.md
  - docs/models/operations/accepttaskresponse.md
  - docs/models/operations/exhaustedtaskrequest.md
  - docs/models/operations/exhaustedtaskresponse.md
  - docs/models/operations/abandontaskrequest.md
  - docs/models/operations/abandontaskresponse.md
  - docs/models/operations/configurationresponse.md
  - docs/models/operations/authenticateresponse.md
  - docs/models/components/agent.md
  - docs/models/components/advancedagentconfiguration.md
  - docs/models/components/agentupdate.md
  - docs/models/components/agentlastbenchmark.md
  - docs/models/components/hashcatbenchmark.md
  - docs/models/components/attackmodename.md
  - docs/models/components/attack.md
  - docs/models/components/attackresourcefile.md
  - docs/models/components/crackerupdate.md
  - docs/models/components/task.md
  - docs/models/components/hashcatresult.md
  - docs/models/components/taskstatus.md
  - docs/models/components/thetypeofthedevice.md
  - docs/models/components/devicestatus.md
  - docs/models/components/hashcatguess.md
  - docs/models/components/agentconfiguration.md
  - docs/models/components/authenticationresult.md
  - docs/models/components/security.md
  - docs/models/sdkerrors/errorobject.md
  - docs/models/sdkerrors/stateerror.md
  - docs/sdks/cipherswarmagentsdk/README.md
  - docs/models/operations/option.md
  - docs/sdks/agents/README.md
  - docs/sdks/attacks/README.md
  - docs/sdks/crackers/README.md
  - docs/sdks/tasks/README.md
  - docs/sdks/client/README.md
  - USAGE.md
  - models/operations/options.go
  - .gitattributes
  - internal/hooks/hooks.go
