speakeasyVersion: 1.379.0
sources:
    CipherSwarm_agent_api:
        sourceNamespace: cipher-swarm-agent-api
        sourceRevisionDigest: sha256:abb0a124fd1e548164b96b8e56803106daadc61116cecc0042426a24ea65afb4
        sourceBlobDigest: sha256:756d43108a60dd436d2afd7c659609e4608fe45f36b01bf6be1ed50d1db7f83b
        tags:
            - latest
            - main
targets:
    golang-sdk:
        source: CipherSwarm_agent_api
        sourceNamespace: cipher-swarm-agent-api
        sourceRevisionDigest: sha256:abb0a124fd1e548164b96b8e56803106daadc61116cecc0042426a24ea65afb4
        sourceBlobDigest: sha256:756d43108a60dd436d2afd7c659609e4608fe45f36b01bf6be1ed50d1db7f83b
        outLocation: /github/workspace/repo
workflow:
    workflowVersion: 1.0.0
    speakeasyVersion: latest
    sources:
        CipherSwarm_agent_api:
            inputs:
                - location: https://raw.githubusercontent.com/unclesp1d3r/CipherSwarm/main/swagger/v1/swagger.json
            registry:
                location: registry.speakeasyapi.dev/evilbitlabs/evilbitlabs/cipher-swarm-agent-api
    targets:
        golang-sdk:
            target: go
            source: CipherSwarm_agent_api
