speakeasyVersion: 1.352.2
sources:
    CipherSwarm_agent_api:
        sourceNamespace: cipher-swarm-agent-api
        sourceRevisionDigest: sha256:5bb80e535683ace0c88ede03a4f370d010292ebefb82fbc518aff581c84d5a7e
        sourceBlobDigest: sha256:fd8413e001849053099da154c3c8c1a5622c46d685ac624d6e63e302d0d5b212
        tags:
            - latest
            - main
targets:
    golang-sdk:
        source: CipherSwarm_agent_api
        sourceNamespace: cipher-swarm-agent-api
        sourceRevisionDigest: sha256:5bb80e535683ace0c88ede03a4f370d010292ebefb82fbc518aff581c84d5a7e
        sourceBlobDigest: sha256:fd8413e001849053099da154c3c8c1a5622c46d685ac624d6e63e302d0d5b212
        outLocation: /github/workspace/repo
workflow:
    workflowVersion: 1.0.0
    speakeasyVersion: latest
    sources:
        CipherSwarm_agent_api:
            inputs:
                - location: https://raw.githubusercontent.com/unclesp1d3r/CipherSwarm/main/swagger/v1/swagger.json
            registry:
                location: registry.speakeasyapi.dev/evilbitlabs/evilbitlabs/cipher-swarm-agent-api
    targets:
        golang-sdk:
            target: go
            source: CipherSwarm_agent_api
