speakeasyVersion: 1.348.1
sources:
    CipherSwarm_agent_api:
        sourceNamespace: cipher-swarm-agent-api
        sourceRevisionDigest: sha256:5ed855a34cf9f1791eb784f9623e79df08508dc4dc8a04c9f2241905ce87e875
        sourceBlobDigest: sha256:1635d1c112ed51dd58062a41a8ffc1265645254059be6b24dfc24e8d44f00d7d
        tags:
            - latest
            - main
targets:
    golang-sdk:
        source: CipherSwarm_agent_api
        sourceNamespace: cipher-swarm-agent-api
        sourceRevisionDigest: sha256:5ed855a34cf9f1791eb784f9623e79df08508dc4dc8a04c9f2241905ce87e875
        sourceBlobDigest: sha256:1635d1c112ed51dd58062a41a8ffc1265645254059be6b24dfc24e8d44f00d7d
        outLocation: /github/workspace/repo
workflow:
    workflowVersion: 1.0.0
    speakeasyVersion: latest
    sources:
        CipherSwarm_agent_api:
            inputs:
                - location: https://raw.githubusercontent.com/unclesp1d3r/CipherSwarm/main/swagger/v1/swagger.json
            registry:
                location: registry.speakeasyapi.dev/evilbitlabs/evilbitlabs/cipher-swarm-agent-api
    targets:
        golang-sdk:
            target: go
            source: CipherSwarm_agent_api
